
Microsoft Visual Studio Solution File, Format Version 12.00
# Visual Studio Version 16
VisualStudioVersion = 16.0.30907.101
MinimumVisualStudioVersion = 10.0.40219.1
Project("{FAE04EC0-301F-11D3-BF4B-00C04F79EFBC}") = "DabaFilemanager", "MySQL\DabaFilemanager.csproj", "{38D45C3E-5502-44CC-BE99-DB9B5A98240E}"
EndProject
Global
	GlobalSection(SolutionConfigurationPlatforms) = preSolution
		Debug|Any CPU = Debug|Any CPU
		Release|Any CPU = Release|Any CPU
	EndGlobalSection
	GlobalSection(ProjectConfigurationPlatforms) = postSolution
		{38D45C3E-5502-44CC-BE99-DB9B5A98240E}.Debug|Any CPU.ActiveCfg = Debug|Any CPU
		{38D45C3E-5502-44CC-BE99-DB9B5A98240E}.Debug|Any CPU.Build.0 = Debug|Any CPU
		{38D45C3E-5502-44CC-BE99-DB9B5A98240E}.Release|Any CPU.ActiveCfg = Release|Any CPU
		{38D45C3E-5502-44CC-BE99-DB9B5A98240E}.Release|Any CPU.Build.0 = Release|Any CPU
	EndGlobalSection
	GlobalSection(SolutionProperties) = preSolution
		HideSolutionNode = FALSE
	EndGlobalSection
	GlobalSection(ExtensibilityGlobals) = postSolution
		SolutionGuid = {2943C4EC-A1C6-4CE5-A80C-B42346191A1E}
	EndGlobalSection
EndGlobal
